
Microsoft Visual Studio Solution File, Format Version 12.00
# Visual Studio Version 17
VisualStudioVersion = 17.14.36310.24 d17.14
MinimumVisualStudioVersion = 10.0.40219.1
Project("{FAE04EC0-301F-11D3-BF4B-00C04F79EFBC}") = "WpfScheduledApp20250729", "WpfScheduledApp20250729.csproj", "{646E690B-E037-49C7-B829-7EFBFFD5119E}"
EndProject
Global
	GlobalSection(SolutionConfigurationPlatforms) = preSolution
		Debug|Any CPU = Debug|Any CPU
		Release|Any CPU = Release|Any CPU
	EndGlobalSection
	GlobalSection(ProjectConfigurationPlatforms) = postSolution
		{646E690B-E037-49C7-B829-7EFBFFD5119E}.Debug|Any CPU.ActiveCfg = Debug|Any CPU
		{646E690B-E037-49C7-B829-7EFBFFD5119E}.Debug|Any CPU.Build.0 = Debug|Any CPU
		{646E690B-E037-49C7-B829-7EFBFFD5119E}.Release|Any CPU.ActiveCfg = Release|Any CPU
		{646E690B-E037-49C7-B829-7EFBFFD5119E}.Release|Any CPU.Build.0 = Release|Any CPU
	EndGlobalSection
	GlobalSection(SolutionProperties) = preSolution
		HideSolutionNode = FALSE
	EndGlobalSection
	GlobalSection(ExtensibilityGlobals) = postSolution
		SolutionGuid = {D4212CB8-376D-4B25-B54E-9E89DF1B9973}
	EndGlobalSection
EndGlobal
